
Microsoft Visual Studio Solution File, Format Version 12.00
# Visual Studio 2013
VisualStudioVersion = 12.0.31101.0
MinimumVisualStudioVersion = 10.0.40219.1
Project("{8BC9CEB8-8B4A-11D0-8D11-00A0C91BC942}") = "dump_proto", "project\dump_proto.vcxproj", "{10F61C5C-6DBC-46DB-BFC8-0103DF5120B9}"
EndProject
Project("{8BC9CEB8-8B4A-11D0-8D11-00A0C91BC942}") = "lzo", "lzo\lzo.vcxproj", "{3AE0E6E6-B750-4769-9A6E-0D47012F1B40}"
EndProject
Global
	GlobalSection(SolutionConfigurationPlatforms) = preSolution
		Debug|Win32 = Debug|Win32
		Release|Win32 = Release|Win32
	EndGlobalSection
	GlobalSection(ProjectConfigurationPlatforms) = postSolution
		{10F61C5C-6DBC-46DB-BFC8-0103DF5120B9}.Debug|Win32.ActiveCfg = Debug|Win32
		{10F61C5C-6DBC-46DB-BFC8-0103DF5120B9}.Debug|Win32.Build.0 = Debug|Win32
		{10F61C5C-6DBC-46DB-BFC8-0103DF5120B9}.Release|Win32.ActiveCfg = Release|Win32
		{10F61C5C-6DBC-46DB-BFC8-0103DF5120B9}.Release|Win32.Build.0 = Release|Win32
		{3AE0E6E6-B750-4769-9A6E-0D47012F1B40}.Debug|Win32.ActiveCfg = Debug|Win32
		{3AE0E6E6-B750-4769-9A6E-0D47012F1B40}.Debug|Win32.Build.0 = Debug|Win32
		{3AE0E6E6-B750-4769-9A6E-0D47012F1B40}.Release|Win32.ActiveCfg = Release|Win32
		{3AE0E6E6-B750-4769-9A6E-0D47012F1B40}.Release|Win32.Build.0 = Release|Win32
	EndGlobalSection
	GlobalSection(SolutionProperties) = preSolution
		HideSolutionNode = FALSE
	EndGlobalSection
	GlobalSection(ExtensibilityGlobals) = postSolution
		SolutionGuid = {93C57CD3-EB08-4B76-B23F-6238ADBDA0FF}
	EndGlobalSection
EndGlobal
